
Microsoft Visual Studio Solution File, Format Version 12.00
# Visual Studio Version 17
VisualStudioVersion = 17.4.33213.308
MinimumVisualStudioVersion = 10.0.40219.1
Project("{FAE04EC0-301F-11D3-BF4B-00C04F79EFBC}") = "MyWebNorthwind", "MyWebNorthwind\MyWebNorthwind.csproj", "{4A753988-904A-4D3E-B47E-81C8E5990C9C}"
EndProject
Global
	GlobalSection(SolutionConfigurationPlatforms) = preSolution
		Debug|Any CPU = Debug|Any CPU
		Release|Any CPU = Release|Any CPU
	EndGlobalSection
	GlobalSection(ProjectConfigurationPlatforms) = postSolution
		{4A753988-904A-4D3E-B47E-81C8E5990C9C}.Debug|Any CPU.ActiveCfg = Debug|Any CPU
		{4A753988-904A-4D3E-B47E-81C8E5990C9C}.Debug|Any CPU.Build.0 = Debug|Any CPU
		{4A753988-904A-4D3E-B47E-81C8E5990C9C}.Release|Any CPU.ActiveCfg = Release|Any CPU
		{4A753988-904A-4D3E-B47E-81C8E5990C9C}.Release|Any CPU.Build.0 = Release|Any CPU
	EndGlobalSection
	GlobalSection(SolutionProperties) = preSolution
		HideSolutionNode = FALSE
	EndGlobalSection
	GlobalSection(ExtensibilityGlobals) = postSolution
		SolutionGuid = {EA7AD0D5-BE52-424B-BD4C-5D6897D57064}
	EndGlobalSection
EndGlobal
